<?xml version="1.0" encoding="utf-8"?>
<Project ToolsVersion="4.0" xmlns="http://schemas.microsoft.com/developer/msbuild/2003">
  <ItemGroup>
    <Filter Include="Source Files">
      <UniqueIdentifier>{4FC737F1-C7A5-4376-A066-2A32D752A2FF}</UniqueIdentifier>
      <Extensions>cpp;c;cc;cxx;def;odl;idl;hpj;bat;asm;asmx</Extensions>
    </Filter>
    <Filter Include="Header Files">
      <UniqueIdentifier>{93995380-89BD-4b04-88EB-625FBE52EBFB}</UniqueIdentifier>
      <Extensions>h;hh;hpp;hxx;hm;inl;inc;xsd</Extensions>
    </Filter>
    <Filter Include="Source Files\Components">
      <UniqueIdentifier>{1329df82-61c9-4ed0-92cd-314866d32727}</UniqueIdentifier>
    </Filter>
    <Filter Include="Source Files\Components\Motion">
    </Filter>
    <Filter Include="Source Files\Components\Player">
    </Filter>
    <Filter Include="Resource Files">
      <UniqueIdentifier>{54f0adeb-8b31-4c2f-979f-e4ee6840b918}</UniqueIdentifier>
    </Filter>
    <Filter Include="Source Files\Components\Triggers">
      <UniqueIdentifier>{522076d2-931e-4f1d-a6c9-3e2e4f9ebab5}</UniqueIdentifier>
    </Filter>
    <Filter Include="Source Files\Steamworks">
      <UniqueIdentifier>{6db9dbd5-6d5c-4f70-94e5-523fbcf69c75}</UniqueIdentifier>
    </Filter>
  </ItemGroup>
  <ItemGroup>
    <ClCompile Include="Source\UltraEngine.cpp">
      <Filter>Source Files</Filter>
    </ClCompile>
    <ClCompile Include="Source\main.cpp">
      <Filter>Source Files</Filter>
    </ClCompile>
    <ClCompile Include="Source\SelectDevice.cpp">
      <Filter>Source Files</Filter>
    </ClCompile>
    <ClCompile Include="Source\UI\CustomWidgets\ButtonPanel.cpp">
      <Filter>Source Files</Filter>
    </ClCompile>
    <ClCompile Include="Source\UI\CustomWidgets\Container.cpp">
      <Filter>Source Files</Filter>
    </ClCompile>
    <ClCompile Include="Source\UI\CustomWidgets\CustomButton.cpp">
      <Filter>Source Files</Filter>
    </ClCompile>
    <ClCompile Include="Source\UI\CustomWidgets\CustomCheckBox.cpp">
      <Filter>Source Files</Filter>
    </ClCompile>
    <ClCompile Include="Source\UI\CustomWidgets\CustomComboBox.cpp">
      <Filter>Source Files</Filter>
    </ClCompile>
    <ClCompile Include="Source\UI\CustomWidgets\CustomLabel.cpp">
      <Filter>Source Files</Filter>
    </ClCompile>
    <ClCompile Include="Source\UI\CustomWidgets\CustomListBox.cpp">
      <Filter>Source Files</Filter>
    </ClCompile>
    <ClCompile Include="Source\UI\CustomWidgets\CustomProgressBar.cpp">
      <Filter>Source Files</Filter>
    </ClCompile>
    <ClCompile Include="Source\UI\CustomWidgets\CustomSlider.cpp">
      <Filter>Source Files</Filter>
    </ClCompile>
    <ClCompile Include="Source\UI\CustomWidgets\CustomTabber.cpp">
      <Filter>Source Files</Filter>
    </ClCompile>
    <ClCompile Include="Source\UI\CustomWidgets\CustomTextField.cpp">
      <Filter>Source Files</Filter>
    </ClCompile>
    <ClCompile Include="Source\UI\CustomWidgets\CustomWidget.cpp">
      <Filter>Source Files</Filter>
    </ClCompile>
    <ClCompile Include="Source\UI\CustomWidgets\Dialog.cpp">
      <Filter>Source Files</Filter>
    </ClCompile>
    <ClCompile Include="Source\UI\CustomWidgets\IconParam.cpp">
      <Filter>Source Files</Filter>
    </ClCompile>
    <ClCompile Include="Source\UI\CustomWidgets\IconText.cpp">
      <Filter>Source Files</Filter>
    </ClCompile>
    <ClCompile Include="Source\UI\CustomWidgets\InnerContainer.cpp">
      <Filter>Source Files</Filter>
    </ClCompile>
    <ClCompile Include="Source\UI\CustomWidgets\NumberField.cpp">
      <Filter>Source Files</Filter>
    </ClCompile>
    <ClCompile Include="Source\UI\CustomWidgets\NumberSliderField.cpp">
      <Filter>Source Files</Filter>
    </ClCompile>
    <ClCompile Include="Source\UI\CustomWidgets\Paint.cpp">
      <Filter>Source Files</Filter>
    </ClCompile>
    <ClCompile Include="Source\UI\CustomWidgets\ParamTable.cpp">
      <Filter>Source Files</Filter>
    </ClCompile>
    <ClCompile Include="Source\UI\CustomWidgets\PixmapCircleProgressBar.cpp">
      <Filter>Source Files</Filter>
    </ClCompile>
    <ClCompile Include="Source\UI\CustomWidgets\PixmapProgressBar.cpp">
      <Filter>Source Files</Filter>
    </ClCompile>
    <ClCompile Include="Source\UI\CustomWidgets\TriangleButton.cpp">
      <Filter>Source Files</Filter>
    </ClCompile>
    <ClCompile Include="Source\Managers\ControlsManager.cpp">
      <Filter>Source Files</Filter>
    </ClCompile>
    <ClCompile Include="Source\Managers\InterfaceManager.cpp">
      <Filter>Source Files</Filter>
    </ClCompile>
    <ClCompile Include="Source\Managers\ResourceManager.cpp">
      <Filter>Source Files</Filter>
    </ClCompile>
    <ClCompile Include="Source\Managers\SettingsManager.cpp">
      <Filter>Source Files</Filter>
    </ClCompile>
    <ClCompile Include="Source\Application.cpp">
      <Filter>Source Files</Filter>
    </ClCompile>
    <ClCompile Include="Source\UI\CustomWidgets\CustomTable.cpp">
      <Filter>Source Files</Filter>
    </ClCompile>
    <ClCompile Include="Source\UI\EditLocalStringDialog.cpp">
      <Filter>Source Files</Filter>
    </ClCompile>
    <ClCompile Include="Source\UI\CustomWidgets\CustomTextArea.cpp">
      <Filter>Source Files</Filter>
    </ClCompile>
    <ClCompile Include="Source\UI\SaveDialog.cpp">
      <Filter>Source Files</Filter>
    </ClCompile>
  </ItemGroup>
  <ItemGroup>
    <ClInclude Include="Source\resource.h">
      <Filter>Header Files</Filter>
    </ClInclude>
    <ClInclude Include="Source\targetver.h">
      <Filter>Header Files</Filter>
    </ClInclude>
    <ClInclude Include="Source\UI\CustomWidgets\ButtonPanel.h">
      <Filter>Header Files</Filter>
    </ClInclude>
    <ClInclude Include="Source\UI\CustomWidgets\Container.h">
      <Filter>Header Files</Filter>
    </ClInclude>
    <ClInclude Include="Source\UI\CustomWidgets\CustomButton.h">
      <Filter>Header Files</Filter>
    </ClInclude>
    <ClInclude Include="Source\UI\CustomWidgets\CustomCheckBox.h">
      <Filter>Header Files</Filter>
    </ClInclude>
    <ClInclude Include="Source\UI\CustomWidgets\CustomComboBox.h">
      <Filter>Header Files</Filter>
    </ClInclude>
    <ClInclude Include="Source\UI\CustomWidgets\CustomLabel.h">
      <Filter>Header Files</Filter>
    </ClInclude>
    <ClInclude Include="Source\UI\CustomWidgets\CustomListBox.h">
      <Filter>Header Files</Filter>
    </ClInclude>
    <ClInclude Include="Source\UI\CustomWidgets\CustomProgressBar.h">
      <Filter>Header Files</Filter>
    </ClInclude>
    <ClInclude Include="Source\UI\CustomWidgets\CustomSlider.h">
      <Filter>Header Files</Filter>
    </ClInclude>
    <ClInclude Include="Source\UI\CustomWidgets\CustomTabber.h">
      <Filter>Header Files</Filter>
    </ClInclude>
    <ClInclude Include="Source\UI\CustomWidgets\CustomTextField.h">
      <Filter>Header Files</Filter>
    </ClInclude>
    <ClInclude Include="Source\UI\CustomWidgets\CustomWidget.h">
      <Filter>Header Files</Filter>
    </ClInclude>
    <ClInclude Include="Source\UI\CustomWidgets\Dialog.h">
      <Filter>Header Files</Filter>
    </ClInclude>
    <ClInclude Include="Source\UI\CustomWidgets\IconParam.h">
      <Filter>Header Files</Filter>
    </ClInclude>
    <ClInclude Include="Source\UI\CustomWidgets\IconText.h">
      <Filter>Header Files</Filter>
    </ClInclude>
    <ClInclude Include="Source\UI\CustomWidgets\InnerContainer.h">
      <Filter>Header Files</Filter>
    </ClInclude>
    <ClInclude Include="Source\UI\CustomWidgets\NumberField.h">
      <Filter>Header Files</Filter>
    </ClInclude>
    <ClInclude Include="Source\UI\CustomWidgets\NumberSliderField.h">
      <Filter>Header Files</Filter>
    </ClInclude>
    <ClInclude Include="Source\UI\CustomWidgets\Paint.h">
      <Filter>Header Files</Filter>
    </ClInclude>
    <ClInclude Include="Source\UI\CustomWidgets\ParamTable.h">
      <Filter>Header Files</Filter>
    </ClInclude>
    <ClInclude Include="Source\UI\CustomWidgets\PixmapCircleProgressBar.h">
      <Filter>Header Files</Filter>
    </ClInclude>
    <ClInclude Include="Source\UI\CustomWidgets\PixmapProgressBar.h">
      <Filter>Header Files</Filter>
    </ClInclude>
    <ClInclude Include="Source\UI\CustomWidgets\TriangleButton.h">
      <Filter>Header Files</Filter>
    </ClInclude>
    <ClInclude Include="Source\Interface\AllConstants.h">
      <Filter>Header Files</Filter>
    </ClInclude>
    <ClInclude Include="Source\Managers\Новая папка\InterfaceManager.h">
      <Filter>Header Files</Filter>
    </ClInclude>
    <ClInclude Include="Source\Managers\Новая папка\ResourceManager.h">
      <Filter>Header Files</Filter>
    </ClInclude>
    <ClInclude Include="Source\Managers\Новая папка\SettingsManager.h">
      <Filter>Header Files</Filter>
    </ClInclude>
    <ClInclude Include="Source\Managers\ControlsManager.h">
      <Filter>Header Files</Filter>
    </ClInclude>
    <ClInclude Include="Source\Managers\InterfaceManager.h">
      <Filter>Header Files</Filter>
    </ClInclude>
    <ClInclude Include="Source\Managers\ResourceManager.h">
      <Filter>Header Files</Filter>
    </ClInclude>
    <ClInclude Include="Source\Managers\SettingsManager.h">
      <Filter>Header Files</Filter>
    </ClInclude>
    <ClInclude Include="Source\Application.h">
      <Filter>Header Files</Filter>
    </ClInclude>
    <ClInclude Include="Source\UI\CustomWidgets\CustomTable.h">
      <Filter>Header Files</Filter>
    </ClInclude>
    <ClInclude Include="Source\UI\EditLocalStringDialog.h">
      <Filter>Header Files</Filter>
    </ClInclude>
    <ClInclude Include="Source\UI\CustomWidgets\CustomTextArea.h">
      <Filter>Header Files</Filter>
    </ClInclude>
    <ClInclude Include="Source\UI\SaveDialog.h">
      <Filter>Header Files</Filter>
    </ClInclude>
  </ItemGroup>
  <ItemGroup>
    <ResourceCompile Include="Source\project.rc">
      <Filter>Resource Files</Filter>
    </ResourceCompile>
    <ResourceCompile Include="Source\projecticon.ico">
      <Filter>Resource Files</Filter>
    </ResourceCompile>
  </ItemGroup>
</Project>